// !$*UTF8*$!
{
	archiveVersion = 1;
	classes = {
	};
	objectVersion = 51;
	objects = {

/* Begin PBXBuildFile section */
		50386EAD830053D7A7E2DD9E /* Pods_ios_dca_calculator.framework in Frameworks */ = {isa = PBXBuildFile; fileRef = 40C2F3E53B3907C9B3330DA7 /* Pods_ios_dca_calculator.framework */; };
		750F3F41268512D600286E32 /* DCAService.swift in Sources */ = {isa = PBXBuildFile; fileRef = 750F3F40268512D600286E32 /* DCAService.swift */; };
		750F3F4426851A2500286E32 /* Double+Extensions.swift in Sources */ = {isa = PBXBuildFile; fileRef = 750F3F4326851A2500286E32 /* Double+Extensions.swift */; };
		75301134267E45E800C4237E /* TimeSeriesMontlyAdjusted.swift in Sources */ = {isa = PBXBuildFile; fileRef = 75301133267E45E800C4237E /* TimeSeriesMontlyAdjusted.swift */; };
		7540BC632683DD0F005700A2 /* Int+Extensions.swift in Sources */ = {isa = PBXBuildFile; fileRef = 7540BC622683DD0F005700A2 /* Int+Extensions.swift */; };
		75438BB8267A5E3600B2D4D8 /* APIService.swift in Sources */ = {isa = PBXBuildFile; fileRef = 75438BB7267A5E3600B2D4D8 /* APIService.swift */; };
		75438BBD267A740F00B2D4D8 /* SearchResults.swift in Sources */ = {isa = PBXBuildFile; fileRef = 75438BBC267A740F00B2D4D8 /* SearchResults.swift */; };
		754C93192679591100446A1A /* SearchTableViewCell.swift in Sources */ = {isa = PBXBuildFile; fileRef = 754C93182679591100446A1A /* SearchTableViewCell.swift */; };
		756337742687881500816891 /* UIColor+Extensions.swift in Sources */ = {isa = PBXBuildFile; fileRef = 756337732687881500816891 /* UIColor+Extensions.swift */; };
		75645579266EB59900DCE32A /* AppDelegate.swift in Sources */ = {isa = PBXBuildFile; fileRef = 75645578266EB59900DCE32A /* AppDelegate.swift */; };
		7564557B266EB59900DCE32A /* SceneDelegate.swift in Sources */ = {isa = PBXBuildFile; fileRef = 7564557A266EB59900DCE32A /* SceneDelegate.swift */; };
		75645580266EB59900DCE32A /* Main.storyboard in Resources */ = {isa = PBXBuildFile; fileRef = 7564557E266EB59900DCE32A /* Main.storyboard */; };
		75645582266EB59C00DCE32A /* Assets.xcassets in Resources */ = {isa = PBXBuildFile; fileRef = 75645581266EB59C00DCE32A /* Assets.xcassets */; };
		75645585266EB59C00DCE32A /* LaunchScreen.storyboard in Resources */ = {isa = PBXBuildFile; fileRef = 75645583266EB59C00DCE32A /* LaunchScreen.storyboard */; };
		7564558E266EBFD900DCE32A /* Podfile in Resources */ = {isa = PBXBuildFile; fileRef = 7564558D266EBFD900DCE32A /* Podfile */; };
		75645597266EC1EC00DCE32A /* SearchTableViewController.swift in Sources */ = {isa = PBXBuildFile; fileRef = 75645596266EC1EC00DCE32A /* SearchTableViewController.swift */; };
		756A212A26811BB00074C650 /* String+Extensions.swift in Sources */ = {isa = PBXBuildFile; fileRef = 756A212926811BB00074C650 /* String+Extensions.swift */; };
		756A212D26813BF80074C650 /* UITextField+Extensions.swift in Sources */ = {isa = PBXBuildFile; fileRef = 756A212C26813BF80074C650 /* UITextField+Extensions.swift */; };
		756A54AE26822C50001762CF /* DateSelectionTableViewController.swift in Sources */ = {isa = PBXBuildFile; fileRef = 756A54AD26822C50001762CF /* DateSelectionTableViewController.swift */; };
		756A54B126827AFC001762CF /* Date+Extensions.swift in Sources */ = {isa = PBXBuildFile; fileRef = 756A54B026827AFC001762CF /* Date+Extensions.swift */; };
		75B3B3BA268000BB0007B31B /* CalculatorTableViewController.swift in Sources */ = {isa = PBXBuildFile; fileRef = 75B3B3B9268000BB0007B31B /* CalculatorTableViewController.swift */; };
		75B3B3BD268002640007B31B /* Asset.swift in Sources */ = {isa = PBXBuildFile; fileRef = 75B3B3BC268002640007B31B /* Asset.swift */; };
		75B55DFB267BE77600B3E7BD /* SearchPlaceholderView.swift in Sources */ = {isa = PBXBuildFile; fileRef = 75B55DFA267BE77600B3E7BD /* SearchPlaceholderView.swift */; };
		75B55DFF267C04EF00B3E7BD /* UIAnimatable.swift in Sources */ = {isa = PBXBuildFile; fileRef = 75B55DFE267C04EF00B3E7BD /* UIAnimatable.swift */; };
		75DBC3EE2696054F005594BA /* ios_dca_calculatorTests.swift in Sources */ = {isa = PBXBuildFile; fileRef = 75DBC3ED2696054F005594BA /* ios_dca_calculatorTests.swift */; };
/* End PBXBuildFile section */

/* Begin PBXContainerItemProxy section */
		75DBC3F02696054F005594BA /* PBXContainerItemProxy */ = {
			isa = PBXContainerItemProxy;
			containerPortal = 7564556D266EB59900DCE32A /* Project object */;
			proxyType = 1;
			remoteGlobalIDString = 75645574266EB59900DCE32A;
			remoteInfo = "ios-dca-calculator";
		};
/* End PBXContainerItemProxy section */

/* Begin PBXFileReference section */
		40C2F3E53B3907C9B3330DA7 /* Pods_ios_dca_calculator.framework */ = {isa = PBXFileReference; explicitFileType = wrapper.framework; includeInIndex = 0; path = Pods_ios_dca_calculator.framework; sourceTree = BUILT_PRODUCTS_DIR; };
		750F3F40268512D600286E32 /* DCAService.swift */ = {isa = PBXFileReference; lastKnownFileType = sourcecode.swift; path = DCAService.swift; sourceTree = "<group>"; };
		750F3F4326851A2500286E32 /* Double+Extensions.swift */ = {isa = PBXFileReference; lastKnownFileType = sourcecode.swift; path = "Double+Extensions.swift"; sourceTree = "<group>"; };
		75301133267E45E800C4237E /* TimeSeriesMontlyAdjusted.swift */ = {isa = PBXFileReference; lastKnownFileType = sourcecode.swift; path = TimeSeriesMontlyAdjusted.swift; sourceTree = "<group>"; };
		7540BC622683DD0F005700A2 /* Int+Extensions.swift */ = {isa = PBXFileReference; lastKnownFileType = sourcecode.swift; path = "Int+Extensions.swift"; sourceTree = "<group>"; };
		75438BB7267A5E3600B2D4D8 /* APIService.swift */ = {isa = PBXFileReference; lastKnownFileType = sourcecode.swift; path = APIService.swift; sourceTree = "<group>"; };
		75438BBC267A740F00B2D4D8 /* SearchResults.swift */ = {isa = PBXFileReference; lastKnownFileType = sourcecode.swift; path = SearchResults.swift; sourceTree = "<group>"; };
		754C93182679591100446A1A /* SearchTableViewCell.swift */ = {isa = PBXFileReference; lastKnownFileType = sourcecode.swift; path = SearchTableViewCell.swift; sourceTree = "<group>"; };
		756337732687881500816891 /* UIColor+Extensions.swift */ = {isa = PBXFileReference; lastKnownFileType = sourcecode.swift; path = "UIColor+Extensions.swift"; sourceTree = "<group>"; };
		75645575266EB59900DCE32A /* ios-dca-calculator.app */ = {isa = PBXFileReference; explicitFileType = wrapper.application; includeInIndex = 0; path = "ios-dca-calculator.app"; sourceTree = BUILT_PRODUCTS_DIR; };
		75645578266EB59900DCE32A /* AppDelegate.swift */ = {isa = PBXFileReference; lastKnownFileType = sourcecode.swift; path = AppDelegate.swift; sourceTree = "<group>"; };
		7564557A266EB59900DCE32A /* SceneDelegate.swift */ = {isa = PBXFileReference; lastKnownFileType = sourcecode.swift; path = SceneDelegate.swift; sourceTree = "<group>"; };
		7564557F266EB59900DCE32A /* Base */ = {isa = PBXFileReference; lastKnownFileType = file.storyboard; name = Base; path = Base.lproj/Main.storyboard; sourceTree = "<group>"; };
		75645581266EB59C00DCE32A /* Assets.xcassets */ = {isa = PBXFileReference; lastKnownFileType = folder.assetcatalog; path = Assets.xcassets; sourceTree = "<group>"; };
		75645584266EB59C00DCE32A /* Base */ = {isa = PBXFileReference; lastKnownFileType = file.storyboard; name = Base; path = Base.lproj/LaunchScreen.storyboard; sourceTree = "<group>"; };
		75645586266EB59C00DCE32A /* Info.plist */ = {isa = PBXFileReference; lastKnownFileType = text.plist.xml; path = Info.plist; sourceTree = "<group>"; };
		7564558D266EBFD900DCE32A /* Podfile */ = {isa = PBXFileReference; fileEncoding = 4; lastKnownFileType = text; path = Podfile; sourceTree = "<group>"; };
		75645596266EC1EC00DCE32A /* SearchTableViewController.swift */ = {isa = PBXFileReference; fileEncoding = 4; lastKnownFileType = sourcecode.swift; path = SearchTableViewController.swift; sourceTree = "<group>"; };
		756A212926811BB00074C650 /* String+Extensions.swift */ = {isa = PBXFileReference; lastKnownFileType = sourcecode.swift; path = "String+Extensions.swift"; sourceTree = "<group>"; };
		756A212C26813BF80074C650 /* UITextField+Extensions.swift */ = {isa = PBXFileReference; lastKnownFileType = sourcecode.swift; path = "UITextField+Extensions.swift"; sourceTree = "<group>"; };
		756A54AD26822C50001762CF /* DateSelectionTableViewController.swift */ = {isa = PBXFileReference; lastKnownFileType = sourcecode.swift; path = DateSelectionTableViewController.swift; sourceTree = "<group>"; };
		756A54B026827AFC001762CF /* Date+Extensions.swift */ = {isa = PBXFileReference; lastKnownFileType = sourcecode.swift; path = "Date+Extensions.swift"; sourceTree = "<group>"; };
		75B3B3B9268000BB0007B31B /* CalculatorTableViewController.swift */ = {isa = PBXFileReference; lastKnownFileType = sourcecode.swift; path = CalculatorTableViewController.swift; sourceTree = "<group>"; };
		75B3B3BC268002640007B31B /* Asset.swift */ = {isa = PBXFileReference; lastKnownFileType = sourcecode.swift; path = Asset.swift; sourceTree = "<group>"; };
		75B55DFA267BE77600B3E7BD /* SearchPlaceholderView.swift */ = {isa = PBXFileReference; lastKnownFileType = sourcecode.swift; path = SearchPlaceholderView.swift; sourceTree = "<group>"; };
		75B55DFE267C04EF00B3E7BD /* UIAnimatable.swift */ = {isa = PBXFileReference; lastKnownFileType = sourcecode.swift; path = UIAnimatable.swift; sourceTree = "<group>"; };
		75DBC3EB2696054F005594BA /* ios-dca-calculatorTests.xctest */ = {isa = PBXFileReference; explicitFileType = wrapper.cfbundle; includeInIndex = 0; path = "ios-dca-calculatorTests.xctest"; sourceTree = BUILT_PRODUCTS_DIR; };
		75DBC3ED2696054F005594BA /* ios_dca_calculatorTests.swift */ = {isa = PBXFileReference; lastKnownFileType = sourcecode.swift; path = ios_dca_calculatorTests.swift; sourceTree = "<group>"; };
		75DBC3EF2696054F005594BA /* Info.plist */ = {isa = PBXFileReference; lastKnownFileType = text.plist.xml; path = Info.plist; sourceTree = "<group>"; };
		7FFC68193C355A68F64A9AD4 /* Pods-ios-dca-calculator.release.xcconfig */ = {isa = PBXFileReference; includeInIndex = 1; lastKnownFileType = text.xcconfig; name = "Pods-ios-dca-calculator.release.xcconfig"; path = "Target Support Files/Pods-ios-dca-calculator/Pods-ios-dca-calculator.release.xcconfig"; sourceTree = "<group>"; };
		9603BE8751B4280002A78B33 /* Pods-ios-dca-calculator.debug.xcconfig */ = {isa = PBXFileReference; includeInIndex = 1; lastKnownFileType = text.xcconfig; name = "Pods-ios-dca-calculator.debug.xcconfig"; path = "Target Support Files/Pods-ios-dca-calculator/Pods-ios-dca-calculator.debug.xcconfig"; sourceTree = "<group>"; };
/* End PBXFileReference section */

/* Begin PBXFrameworksBuildPhase section */
		75645572266EB59900DCE32A /* Frameworks */ = {
			isa = PBXFrameworksBuildPhase;
			buildActionMask = 2147483647;
			files = (
				50386EAD830053D7A7E2DD9E /* Pods_ios_dca_calculator.framework in Frameworks */,
			);
			runOnlyForDeploymentPostprocessing = 0;
		};
		75DBC3E82696054F005594BA /* Frameworks */ = {
			isa = PBXFrameworksBuildPhase;
			buildActionMask = 2147483647;
			files = (
			);
			runOnlyForDeploymentPostprocessing = 0;
		};
/* End PBXFrameworksBuildPhase section */

/* Begin PBXGroup section */
		75438BB6267A5DFF00B2D4D8 /* service */ = {
			isa = PBXGroup;
			children = (
				75438BB7267A5E3600B2D4D8 /* APIService.swift */,
				750F3F40268512D600286E32 /* DCAService.swift */,
			);
			path = service;
			sourceTree = "<group>";
		};
		75438BBB267A73D700B2D4D8 /* model */ = {
			isa = PBXGroup;
			children = (
				75438BBC267A740F00B2D4D8 /* SearchResults.swift */,
				75301133267E45E800C4237E /* TimeSeriesMontlyAdjusted.swift */,
				75B3B3BC268002640007B31B /* Asset.swift */,
			);
			path = model;
			sourceTree = "<group>";
		};
		754C9316267958B500446A1A /* view */ = {
			isa = PBXGroup;
			children = (
				754C93182679591100446A1A /* SearchTableViewCell.swift */,
				75B55DFA267BE77600B3E7BD /* SearchPlaceholderView.swift */,
			);
			path = view;
			sourceTree = "<group>";
		};
		754C9317267958BE00446A1A /* controller */ = {
			isa = PBXGroup;
			children = (
				75645596266EC1EC00DCE32A /* SearchTableViewController.swift */,
				75B3B3B9268000BB0007B31B /* CalculatorTableViewController.swift */,
				756A54AD26822C50001762CF /* DateSelectionTableViewController.swift */,
			);
			path = controller;
			sourceTree = "<group>";
		};
		7564556C266EB59900DCE32A = {
			isa = PBXGroup;
			children = (
				7564558D266EBFD900DCE32A /* Podfile */,
				75645577266EB59900DCE32A /* ios-dca-calculator */,
				75DBC3EC2696054F005594BA /* ios-dca-calculatorTests */,
				75645576266EB59900DCE32A /* Products */,
				A3710D234F0F98EA2FB75AF4 /* Pods */,
				CB20341F05CA0A21E03A1CFF /* Frameworks */,
			);
			sourceTree = "<group>";
		};
		75645576266EB59900DCE32A /* Products */ = {
			isa = PBXGroup;
			children = (
				75645575266EB59900DCE32A /* ios-dca-calculator.app */,
				75DBC3EB2696054F005594BA /* ios-dca-calculatorTests.xctest */,
			);
			name = Products;
			sourceTree = "<group>";
		};
		75645577266EB59900DCE32A /* ios-dca-calculator */ = {
			isa = PBXGroup;
			children = (
				756A212826811B900074C650 /* extensions */,
				75B55DFD267C04D400B3E7BD /* protocol */,
				75438BBB267A73D700B2D4D8 /* model */,
				75438BB6267A5DFF00B2D4D8 /* service */,
				754C9317267958BE00446A1A /* controller */,
				754C9316267958B500446A1A /* view */,
				75645578266EB59900DCE32A /* AppDelegate.swift */,
				7564557A266EB59900DCE32A /* SceneDelegate.swift */,
				7564557E266EB59900DCE32A /* Main.storyboard */,
				75645581266EB59C00DCE32A /* Assets.xcassets */,
				75645583266EB59C00DCE32A /* LaunchScreen.storyboard */,
				75645586266EB59C00DCE32A /* Info.plist */,
			);
			path = "ios-dca-calculator";
			sourceTree = "<group>";
		};
		756A212826811B900074C650 /* extensions */ = {
			isa = PBXGroup;
			children = (
				756A212926811BB00074C650 /* String+Extensions.swift */,
				756A212C26813BF80074C650 /* UITextField+Extensions.swift */,
				756A54B026827AFC001762CF /* Date+Extensions.swift */,
				7540BC622683DD0F005700A2 /* Int+Extensions.swift */,
				750F3F4326851A2500286E32 /* Double+Extensions.swift */,
				756337732687881500816891 /* UIColor+Extensions.swift */,
			);
			path = extensions;
			sourceTree = "<group>";
		};
		75B55DFD267C04D400B3E7BD /* protocol */ = {
			isa = PBXGroup;
			children = (
				75B55DFE267C04EF00B3E7BD /* UIAnimatable.swift */,
			);
			path = protocol;
			sourceTree = "<group>";
		};
		75DBC3EC2696054F005594BA /* ios-dca-calculatorTests */ = {
			isa = PBXGroup;
			children = (
				75DBC3ED2696054F005594BA /* ios_dca_calculatorTests.swift */,
				75DBC3EF2696054F005594BA /* Info.plist */,
			);
			path = "ios-dca-calculatorTests";
			sourceTree = "<group>";
		};
		A3710D234F0F98EA2FB75AF4 /* Pods */ = {
			isa = PBXGroup;
			children = (
				9603BE8751B4280002A78B33 /* Pods-ios-dca-calculator.debug.xcconfig */,
				7FFC68193C355A68F64A9AD4 /* Pods-ios-dca-calculator.release.xcconfig */,
			);
			path = Pods;
			sourceTree = "<group>";
		};
		CB20341F05CA0A21E03A1CFF /* Frameworks */ = {
			isa = PBXGroup;
			children = (
				40C2F3E53B3907C9B3330DA7 /* Pods_ios_dca_calculator.framework */,
			);
			name = Frameworks;
			sourceTree = "<group>";
		};
/* End PBXGroup section */

/* Begin PBXNativeTarget section */
		75645574266EB59900DCE32A /* ios-dca-calculator */ = {
			isa = PBXNativeTarget;
			buildConfigurationList = 75645589266EB59C00DCE32A /* Build configuration list for PBXNativeTarget "ios-dca-calculator" */;
			buildPhases = (
				D27372F6D56B0E9CDA4A5271 /* [CP] Check Pods Manifest.lock */,
				75645571266EB59900DCE32A /* Sources */,
				75645572266EB59900DCE32A /* Frameworks */,
				75645573266EB59900DCE32A /* Resources */,
				641C27F1ED6352337B876BB9 /* [CP] Embed Pods Frameworks */,
			);
			buildRules = (
			);
			dependencies = (
			);
			name = "ios-dca-calculator";
			productName = "ios-dca-calculator";
			productReference = 75645575266EB59900DCE32A /* ios-dca-calculator.app */;
			productType = "com.apple.product-type.application";
		};
		75DBC3EA2696054F005594BA /* ios-dca-calculatorTests */ = {
			isa = PBXNativeTarget;
			buildConfigurationList = 75DBC3F42696054F005594BA /* Build configuration list for PBXNativeTarget "ios-dca-calculatorTests" */;
			buildPhases = (
				75DBC3E72696054F005594BA /* Sources */,
				75DBC3E82696054F005594BA /* Frameworks */,
				75DBC3E92696054F005594BA /* Resources */,
			);
			buildRules = (
			);
			dependencies = (
				75DBC3F12696054F005594BA /* PBXTargetDependency */,
			);
			name = "ios-dca-calculatorTests";
			productName = "ios-dca-calculatorTests";
			productReference = 75DBC3EB2696054F005594BA /* ios-dca-calculatorTests.xctest */;
			productType = "com.apple.product-type.bundle.unit-test";
		};
/* End PBXNativeTarget section */

/* Begin PBXProject section */
		7564556D266EB59900DCE32A /* Project object */ = {
			isa = PBXProject;
			attributes = {
				LastSwiftUpdateCheck = 1250;
				LastUpgradeCheck = 1240;
				TargetAttributes = {
					75645574266EB59900DCE32A = {
						CreatedOnToolsVersion = 12.4;
					};
					75DBC3EA2696054F005594BA = {
						CreatedOnToolsVersion = 12.5.1;
						TestTargetID = 75645574266EB59900DCE32A;
					};
				};
			};
			buildConfigurationList = 75645570266EB59900DCE32A /* Build configuration list for PBXProject "ios-dca-calculator" */;
			compatibilityVersion = "Xcode 9.3";
			developmentRegion = en;
			hasScannedForEncodings = 0;
			knownRegions = (
				en,
				Base,
			);
			mainGroup = 7564556C266EB59900DCE32A;
			productRefGroup = 75645576266EB59900DCE32A /* Products */;
			projectDirPath = "";
			projectRoot = "";
			targets = (
				75645574266EB59900DCE32A /* ios-dca-calculator */,
				75DBC3EA2696054F005594BA /* ios-dca-calculatorTests */,
			);
		};
/* End PBXProject section */

/* Begin PBXResourcesBuildPhase section */
		75645573266EB59900DCE32A /* Resources */ = {
			isa = PBXResourcesBuildPhase;
			buildActionMask = 2147483647;
			files = (
				75645585266EB59C00DCE32A /* LaunchScreen.storyboard in Resources */,
				75645582266EB59C00DCE32A /* Assets.xcassets in Resources */,
				7564558E266EBFD900DCE32A /* Podfile in Resources */,
				75645580266EB59900DCE32A /* Main.storyboard in Resources */,
			);
			runOnlyForDeploymentPostprocessing = 0;
		};
		75DBC3E92696054F005594BA /* Resources */ = {
			isa = PBXResourcesBuildPhase;
			buildActionMask = 2147483647;
			files = (
			);
			runOnlyForDeploymentPostprocessing = 0;
		};
/* End PBXResourcesBuildPhase section */

/* Begin PBXShellScriptBuildPhase section */
		641C27F1ED6352337B876BB9 /* [CP] Embed Pods Frameworks */ = {
			isa = PBXShellScriptBuildPhase;
			buildActionMask = 2147483647;
			files = (
			);
			inputFileListPaths = (
				"${PODS_ROOT}/Target Support Files/Pods-ios-dca-calculator/Pods-ios-dca-calculator-frameworks-${CONFIGURATION}-input-files.xcfilelist",
			);
			name = "[CP] Embed Pods Frameworks";
			outputFileListPaths = (
				"${PODS_ROOT}/Target Support Files/Pods-ios-dca-calculator/Pods-ios-dca-calculator-frameworks-${CONFIGURATION}-output-files.xcfilelist",
			);
			runOnlyForDeploymentPostprocessing = 0;
			shellPath = /bin/sh;
			shellScript = "\"${PODS_ROOT}/Target Support Files/Pods-ios-dca-calculator/Pods-ios-dca-calculator-frameworks.sh\"\n";
			showEnvVarsInLog = 0;
		};
		D27372F6D56B0E9CDA4A5271 /* [CP] Check Pods Manifest.lock */ = {
			isa = PBXShellScriptBuildPhase;
			buildActionMask = 2147483647;
			files = (
			);
			inputFileListPaths = (
			);
			inputPaths = (
				"${PODS_PODFILE_DIR_PATH}/Podfile.lock",
				"${PODS_ROOT}/Manifest.lock",
			);
			name = "[CP] Check Pods Manifest.lock";
			outputFileListPaths = (
			);
			outputPaths = (
				"$(DERIVED_FILE_DIR)/Pods-ios-dca-calculator-checkManifestLockResult.txt",
			);
			runOnlyForDeploymentPostprocessing = 0;
			shellPath = /bin/sh;
			shellScript = "diff \"${PODS_PODFILE_DIR_PATH}/Podfile.lock\" \"${PODS_ROOT}/Manifest.lock\" > /dev/null\nif [ $? != 0 ] ; then\n    # print error to STDERR\n    echo \"error: The sandbox is not in sync with the Podfile.lock. Run 'pod install' or update your CocoaPods installation.\" >&2\n    exit 1\nfi\n# This output is used by Xcode 'outputs' to avoid re-running this script phase.\necho \"SUCCESS\" > \"${SCRIPT_OUTPUT_FILE_0}\"\n";
			showEnvVarsInLog = 0;
		};
/* End PBXShellScriptBuildPhase section */

/* Begin PBXSourcesBuildPhase section */
		75645571266EB59900DCE32A /* Sources */ = {
			isa = PBXSourcesBuildPhase;
			buildActionMask = 2147483647;
			files = (
				756A54AE26822C50001762CF /* DateSelectionTableViewController.swift in Sources */,
				756A212D26813BF80074C650 /* UITextField+Extensions.swift in Sources */,
				75301134267E45E800C4237E /* TimeSeriesMontlyAdjusted.swift in Sources */,
				75645597266EC1EC00DCE32A /* SearchTableViewController.swift in Sources */,
				75B55DFF267C04EF00B3E7BD /* UIAnimatable.swift in Sources */,
				7540BC632683DD0F005700A2 /* Int+Extensions.swift in Sources */,
				75B3B3BD268002640007B31B /* Asset.swift in Sources */,
				756A212A26811BB00074C650 /* String+Extensions.swift in Sources */,
				75B3B3BA268000BB0007B31B /* CalculatorTableViewController.swift in Sources */,
				756A54B126827AFC001762CF /* Date+Extensions.swift in Sources */,
				756337742687881500816891 /* UIColor+Extensions.swift in Sources */,
				75438BB8267A5E3600B2D4D8 /* APIService.swift in Sources */,
				750F3F41268512D600286E32 /* DCAService.swift in Sources */,
				750F3F4426851A2500286E32 /* Double+Extensions.swift in Sources */,
				754C93192679591100446A1A /* SearchTableViewCell.swift in Sources */,
				75645579266EB59900DCE32A /* AppDelegate.swift in Sources */,
				75438BBD267A740F00B2D4D8 /* SearchResults.swift in Sources */,
				7564557B266EB59900DCE32A /* SceneDelegate.swift in Sources */,
				75B55DFB267BE77600B3E7BD /* SearchPlaceholderView.swift in Sources */,
			);
			runOnlyForDeploymentPostprocessing = 0;
		};
		75DBC3E72696054F005594BA /* Sources */ = {
			isa = PBXSourcesBuildPhase;
			buildActionMask = 2147483647;
			files = (
				75DBC3EE2696054F005594BA /* ios_dca_calculatorTests.swift in Sources */,
			);
			runOnlyForDeploymentPostprocessing = 0;
		};
/* End PBXSourcesBuildPhase section */

/* Begin PBXTargetDependency section */
		75DBC3F12696054F005594BA /* PBXTargetDependency */ = {
			isa = PBXTargetDependency;
			target = 75645574266EB59900DCE32A /* ios-dca-calculator */;
			targetProxy = 75DBC3F02696054F005594BA /* PBXContainerItemProxy */;
		};
/* End PBXTargetDependency section */

/* Begin PBXVariantGroup section */
		7564557E266EB59900DCE32A /* Main.storyboard */ = {
			isa = PBXVariantGroup;
			children = (
				7564557F266EB59900DCE32A /* Base */,
			);
			name = Main.storyboard;
			sourceTree = "<group>";
		};
		75645583266EB59C00DCE32A /* LaunchScreen.storyboard */ = {
			isa = PBXVariantGroup;
			children = (
				75645584266EB59C00DCE32A /* Base */,
			);
			name = LaunchScreen.storyboard;
			sourceTree = "<group>";
		};
/* End PBXVariantGroup section */

/* Begin XCBuildConfiguration section */
		75645587266EB59C00DCE32A /* Debug */ = {
			isa = XCBuildConfiguration;
			buildSettings = {
				ALWAYS_SEARCH_USER_PATHS = NO;
				CLANG_ANALYZER_NONNULL = YES;
				CLANG_ANALYZER_NUMBER_OBJECT_CONVERSION = YES_AGGRESSIVE;
				CLANG_CXX_LANGUAGE_STANDARD = "gnu++14";
				CLANG_CXX_LIBRARY = "libc++";
				CLANG_ENABLE_MODULES = YES;
				CLANG_ENABLE_OBJC_ARC = YES;
				CLANG_ENABLE_OBJC_WEAK = YES;
				CLANG_WARN_BLOCK_CAPTURE_AUTORELEASING = YES;
				CLANG_WARN_BOOL_CONVERSION = YES;
				CLANG_WARN_COMMA = YES;
				CLANG_WARN_CONSTANT_CONVERSION = YES;
				CLANG_WARN_DEPRECATED_OBJC_IMPLEMENTATIONS = YES;
				CLANG_WARN_DIRECT_OBJC_ISA_USAGE = YES_ERROR;
				CLANG_WARN_DOCUMENTATION_COMMENTS = YES;
				CLANG_WARN_EMPTY_BODY = YES;
				CLANG_WARN_ENUM_CONVERSION = YES;
				CLANG_WARN_INFINITE_RECURSION = YES;
				CLANG_WARN_INT_CONVERSION = YES;
				CLANG_WARN_NON_LITERAL_NULL_CONVERSION = YES;
				CLANG_WARN_OBJC_IMPLICIT_RETAIN_SELF = YES;
				CLANG_WARN_OBJC_LITERAL_CONVERSION = YES;
				CLANG_WARN_OBJC_ROOT_CLASS = YES_ERROR;
				CLANG_WARN_QUOTED_INCLUDE_IN_FRAMEWORK_HEADER = YES;
				CLANG_WARN_RANGE_LOOP_ANALYSIS = YES;
				CLANG_WARN_STRICT_PROTOTYPES = YES;
				CLANG_WARN_SUSPICIOUS_MOVE = YES;
				CLANG_WARN_UNGUARDED_AVAILABILITY = YES_AGGRESSIVE;
				CLANG_WARN_UNREACHABLE_CODE = YES;
				CLANG_WARN__DUPLICATE_METHOD_MATCH = YES;
				COPY_PHASE_STRIP = NO;
				DEBUG_INFORMATION_FORMAT = dwarf;
				ENABLE_STRICT_OBJC_MSGSEND = YES;
				ENABLE_TESTABILITY = YES;
				GCC_C_LANGUAGE_STANDARD = gnu11;
				GCC_DYNAMIC_NO_PIC = NO;
				GCC_NO_COMMON_BLOCKS = YES;
				GCC_OPTIMIZATION_LEVEL = 0;
				GCC_PREPROCESSOR_DEFINITIONS = (
					"DEBUG=1",
					"$(inherited)",
				);
				GCC_WARN_64_TO_32_BIT_CONVERSION = YES;
				GCC_WARN_ABOUT_RETURN_TYPE = YES_ERROR;
				GCC_WARN_UNDECLARED_SELECTOR = YES;
				GCC_WARN_UNINITIALIZED_AUTOS = YES_AGGRESSIVE;
				GCC_WARN_UNUSED_FUNCTION = YES;
				GCC_WARN_UNUSED_VARIABLE = YES;
				IPHONEOS_DEPLOYMENT_TARGET = 14.4;
				MTL_ENABLE_DEBUG_INFO = INCLUDE_SOURCE;
				MTL_FAST_MATH = YES;
				ONLY_ACTIVE_ARCH = YES;
				SDKROOT = iphoneos;
				SWIFT_ACTIVE_COMPILATION_CONDITIONS = DEBUG;
				SWIFT_OPTIMIZATION_LEVEL = "-Onone";
			};
			name = Debug;
		};
		75645588266EB59C00DCE32A /* Release */ = {
			isa = XCBuildConfiguration;
			buildSettings = {
				ALWAYS_SEARCH_USER_PATHS = NO;
				CLANG_ANALYZER_NONNULL = YES;
				CLANG_ANALYZER_NUMBER_OBJECT_CONVERSION = YES_AGGRESSIVE;
				CLANG_CXX_LANGUAGE_STANDARD = "gnu++14";
				CLANG_CXX_LIBRARY = "libc++";
				CLANG_ENABLE_MODULES = YES;
				CLANG_ENABLE_OBJC_ARC = YES;
				CLANG_ENABLE_OBJC_WEAK = YES;
				CLANG_WARN_BLOCK_CAPTURE_AUTORELEASING = YES;
				CLANG_WARN_BOOL_CONVERSION = YES;
				CLANG_WARN_COMMA = YES;
				CLANG_WARN_CONSTANT_CONVERSION = YES;
				CLANG_WARN_DEPRECATED_OBJC_IMPLEMENTATIONS = YES;
				CLANG_WARN_DIRECT_OBJC_ISA_USAGE = YES_ERROR;
				CLANG_WARN_DOCUMENTATION_COMMENTS = YES;
				CLANG_WARN_EMPTY_BODY = YES;
				CLANG_WARN_ENUM_CONVERSION = YES;
				CLANG_WARN_INFINITE_RECURSION = YES;
				CLANG_WARN_INT_CONVERSION = YES;
				CLANG_WARN_NON_LITERAL_NULL_CONVERSION = YES;
				CLANG_WARN_OBJC_IMPLICIT_RETAIN_SELF = YES;
				CLANG_WARN_OBJC_LITERAL_CONVERSION = YES;
				CLANG_WARN_OBJC_ROOT_CLASS = YES_ERROR;
				CLANG_WARN_QUOTED_INCLUDE_IN_FRAMEWORK_HEADER = YES;
				CLANG_WARN_RANGE_LOOP_ANALYSIS = YES;
				CLANG_WARN_STRICT_PROTOTYPES = YES;
				CLANG_WARN_SUSPICIOUS_MOVE = YES;
				CLANG_WARN_UNGUARDED_AVAILABILITY = YES_AGGRESSIVE;
				CLANG_WARN_UNREACHABLE_CODE = YES;
				CLANG_WARN__DUPLICATE_METHOD_MATCH = YES;
				COPY_PHASE_STRIP = NO;
				DEBUG_INFORMATION_FORMAT = "dwarf-with-dsym";
				ENABLE_NS_ASSERTIONS = NO;
				ENABLE_STRICT_OBJC_MSGSEND = YES;
				GCC_C_LANGUAGE_STANDARD = gnu11;
				GCC_NO_COMMON_BLOCKS = YES;
				GCC_WARN_64_TO_32_BIT_CONVERSION = YES;
				GCC_WARN_ABOUT_RETURN_TYPE = YES_ERROR;
				GCC_WARN_UNDECLARED_SELECTOR = YES;
				GCC_WARN_UNINITIALIZED_AUTOS = YES_AGGRESSIVE;
				GCC_WARN_UNUSED_FUNCTION = YES;
				GCC_WARN_UNUSED_VARIABLE = YES;
				IPHONEOS_DEPLOYMENT_TARGET = 14.4;
				MTL_ENABLE_DEBUG_INFO = NO;
				MTL_FAST_MATH = YES;
				SDKROOT = iphoneos;
				SWIFT_COMPILATION_MODE = wholemodule;
				SWIFT_OPTIMIZATION_LEVEL = "-O";
				VALIDATE_PRODUCT = YES;
			};
			name = Release;
		};
		7564558A266EB59C00DCE32A /* Debug */ = {
			isa = XCBuildConfiguration;
			baseConfigurationReference = 9603BE8751B4280002A78B33 /* Pods-ios-dca-calculator.debug.xcconfig */;
			buildSettings = {
				ASSETCATALOG_COMPILER_APPICON_NAME = AppIcon;
				ASSETCATALOG_COMPILER_GLOBAL_ACCENT_COLOR_NAME = AccentColor;
				CODE_SIGN_STYLE = Automatic;
				DEVELOPMENT_TEAM = VM55LWG8PP;
				INFOPLIST_FILE = "ios-dca-calculator/Info.plist";
				LD_RUNPATH_SEARCH_PATHS = (
					"$(inherited)",
					"@executable_path/Frameworks",
				);
				PRODUCT_BUNDLE_IDENTIFIER = "com.elizeurs.ios-dca-calculator";
				PRODUCT_NAME = "$(TARGET_NAME)";
				SWIFT_VERSION = 5.0;
				TARGETED_DEVICE_FAMILY = "1,2";
			};
			name = Debug;
		};
		7564558B266EB59C00DCE32A /* Release */ = {
			isa = XCBuildConfiguration;
			baseConfigurationReference = 7FFC68193C355A68F64A9AD4 /* Pods-ios-dca-calculator.release.xcconfig */;
			buildSettings = {
				ASSETCATALOG_COMPILER_APPICON_NAME = AppIcon;
				ASSETCATALOG_COMPILER_GLOBAL_ACCENT_COLOR_NAME = AccentColor;
				CODE_SIGN_STYLE = Automatic;
				DEVELOPMENT_TEAM = VM55LWG8PP;
				INFOPLIST_FILE = "ios-dca-calculator/Info.plist";
				LD_RUNPATH_SEARCH_PATHS = (
					"$(inherited)",
					"@executable_path/Frameworks",
				);
				PRODUCT_BUNDLE_IDENTIFIER = "com.elizeurs.ios-dca-calculator";
				PRODUCT_NAME = "$(TARGET_NAME)";
				SWIFT_VERSION = 5.0;
				TARGETED_DEVICE_FAMILY = "1,2";
			};
			name = Release;
		};
		75DBC3F22696054F005594BA /* Debug */ = {
			isa = XCBuildConfiguration;
			buildSettings = {
				BUNDLE_LOADER = "$(TEST_HOST)";
				CODE_SIGN_STYLE = Automatic;
				DEVELOPMENT_TEAM = VM55LWG8PP;
				INFOPLIST_FILE = "ios-dca-calculatorTests/Info.plist";
				IPHONEOS_DEPLOYMENT_TARGET = 14.5;
				LD_RUNPATH_SEARCH_PATHS = (
					"$(inherited)",
					"@executable_path/Frameworks",
					"@loader_path/Frameworks",
				);
				PRODUCT_BUNDLE_IDENTIFIER = "com.elizeurs.ios-dca-calculatorTests";
				PRODUCT_NAME = "$(TARGET_NAME)";
				SWIFT_VERSION = 5.0;
				TARGETED_DEVICE_FAMILY = "1,2";
				TEST_HOST = "$(BUILT_PRODUCTS_DIR)/ios-dca-calculator.app/ios-dca-calculator";
			};
			name = Debug;
		};
		75DBC3F32696054F005594BA /* Release */ = {
			isa = XCBuildConfiguration;
			buildSettings = {
				BUNDLE_LOADER = "$(TEST_HOST)";
				CODE_SIGN_STYLE = Automatic;
				DEVELOPMENT_TEAM = VM55LWG8PP;
				INFOPLIST_FILE = "ios-dca-calculatorTests/Info.plist";
				IPHONEOS_DEPLOYMENT_TARGET = 14.5;
				LD_RUNPATH_SEARCH_PATHS = (
					"$(inherited)",
					"@executable_path/Frameworks",
					"@loader_path/Frameworks",
				);
				PRODUCT_BUNDLE_IDENTIFIER = "com.elizeurs.ios-dca-calculatorTests";
				PRODUCT_NAME = "$(TARGET_NAME)";
				SWIFT_VERSION = 5.0;
				TARGETED_DEVICE_FAMILY = "1,2";
				TEST_HOST = "$(BUILT_PRODUCTS_DIR)/ios-dca-calculator.app/ios-dca-calculator";
			};
			name = Release;
		};
/* End XCBuildConfiguration section */

/* Begin XCConfigurationList section */
		75645570266EB59900DCE32A /* Build configuration list for PBXProject "ios-dca-calculator" */ = {
			isa = XCConfigurationList;
			buildConfigurations = (
				75645587266EB59C00DCE32A /* Debug */,
				75645588266EB59C00DCE32A /* Release */,
			);
			defaultConfigurationIsVisible = 0;
			defaultConfigurationName = Release;
		};
		75645589266EB59C00DCE32A /* Build configuration list for PBXNativeTarget "ios-dca-calculator" */ = {
			isa = XCConfigurationList;
			buildConfigurations = (
				7564558A266EB59C00DCE32A /* Debug */,
				7564558B266EB59C00DCE32A /* Release */,
			);
			defaultConfigurationIsVisible = 0;
			defaultConfigurationName = Release;
		};
		75DBC3F42696054F005594BA /* Build configuration list for PBXNativeTarget "ios-dca-calculatorTests" */ = {
			isa = XCConfigurationList;
			buildConfigurations = (
				75DBC3F22696054F005594BA /* Debug */,
				75DBC3F32696054F005594BA /* Release */,
			);
			defaultConfigurationIsVisible = 0;
			defaultConfigurationName = Release;
		};
/* End XCConfigurationList section */
	};
	rootObject = 7564556D266EB59900DCE32A /* Project object */;
}
